
Microsoft Visual Studio Solution File, Format Version 12.00
# Visual Studio Version 16
VisualStudioVersion = 16.0.29509.3
MinimumVisualStudioVersion = 10.0.40219.1
Project("{FAE04EC0-301F-11D3-BF4B-00C04F79EFBC}") = "SSPWorld.UWP", "SSPWorld\SSPWorld.UWP\SSPWorld.UWP.csproj", "{D2051D54-1B40-4FAD-9830-16F3E38F5528}"
EndProject
Project("{FAE04EC0-301F-11D3-BF4B-00C04F79EFBC}") = "SSPWorld.Android", "SSPWorld\SSPWorld.Android\SSPWorld.Android.csproj", "{84975D79-D862-4D34-ADAC-062B0521CE86}"
EndProject
Project("{FAE04EC0-301F-11D3-BF4B-00C04F79EFBC}") = "SSPWorld.iOS", "SSPWorld\SSPWorld.iOS\SSPWorld.iOS.csproj", "{DF23DEF0-6476-4BBC-AD8E-5F0A7F79EDE2}"
EndProject
Project("{FAE04EC0-301F-11D3-BF4B-00C04F79EFBC}") = "SSPWorld", "SSPWorld\SSPWorld\SSPWorld.csproj", "{AE667732-E0C3-44DC-865A-2FF828960157}"
EndProject
Global
	GlobalSection(SolutionConfigurationPlatforms) = preSolution
		Debug|Any CPU = Debug|Any CPU
		Debug|ARM = Debug|ARM
		Debug|iPhone = Debug|iPhone
		Debug|iPhoneSimulator = Debug|iPhoneSimulator
		Debug|x64 = Debug|x64
		Debug|x86 = Debug|x86
		Release|Any CPU = Release|Any CPU
		Release|ARM = Release|ARM
		Release|iPhone = Release|iPhone
		Release|iPhoneSimulator = Release|iPhoneSimulator
		Release|x64 = Release|x64
		Release|x86 = Release|x86
	EndGlobalSection
	GlobalSection(ProjectConfigurationPlatforms) = postSolution
		{D2051D54-1B40-4FAD-9830-16F3E38F5528}.Debug|Any CPU.ActiveCfg = Debug|x86
		{D2051D54-1B40-4FAD-9830-16F3E38F5528}.Debug|Any CPU.Build.0 = Debug|x86
		{D2051D54-1B40-4FAD-9830-16F3E38F5528}.Debug|Any CPU.Deploy.0 = Debug|x86
		{D2051D54-1B40-4FAD-9830-16F3E38F5528}.Debug|ARM.ActiveCfg = Debug|ARM
		{D2051D54-1B40-4FAD-9830-16F3E38F5528}.Debug|ARM.Build.0 = Debug|ARM
		{D2051D54-1B40-4FAD-9830-16F3E38F5528}.Debug|ARM.Deploy.0 = Debug|ARM
		{D2051D54-1B40-4FAD-9830-16F3E38F5528}.Debug|iPhone.ActiveCfg = Debug|x86
		{D2051D54-1B40-4FAD-9830-16F3E38F5528}.Debug|iPhone.Build.0 = Debug|x86
		{D2051D54-1B40-4FAD-9830-16F3E38F5528}.Debug|iPhone.Deploy.0 = Debug|x86
		{D2051D54-1B40-4FAD-9830-16F3E38F5528}.Debug|iPhoneSimulator.ActiveCfg = Debug|x86
		{D2051D54-1B40-4FAD-9830-16F3E38F5528}.Debug|iPhoneSimulator.Build.0 = Debug|x86
		{D2051D54-1B40-4FAD-9830-16F3E38F5528}.Debug|iPhoneSimulator.Deploy.0 = Debug|x86
		{D2051D54-1B40-4FAD-9830-16F3E38F5528}.Debug|x64.ActiveCfg = Debug|x64
		{D2051D54-1B40-4FAD-9830-16F3E38F5528}.Debug|x64.Build.0 = Debug|x64
		{D2051D54-1B40-4FAD-9830-16F3E38F5528}.Debug|x64.Deploy.0 = Debug|x64
		{D2051D54-1B40-4FAD-9830-16F3E38F5528}.Debug|x86.ActiveCfg = Debug|x86
		{D2051D54-1B40-4FAD-9830-16F3E38F5528}.Debug|x86.Build.0 = Debug|x86
		{D2051D54-1B40-4FAD-9830-16F3E38F5528}.Debug|x86.Deploy.0 = Debug|x86
		{D2051D54-1B40-4FAD-9830-16F3E38F5528}.Release|Any CPU.ActiveCfg = Release|x86
		{D2051D54-1B40-4FAD-9830-16F3E38F5528}.Release|Any CPU.Build.0 = Release|x86
		{D2051D54-1B40-4FAD-9830-16F3E38F5528}.Release|Any CPU.Deploy.0 = Release|x86
		{D2051D54-1B40-4FAD-9830-16F3E38F5528}.Release|ARM.ActiveCfg = Release|ARM
		{D2051D54-1B40-4FAD-9830-16F3E38F5528}.Release|ARM.Build.0 = Release|ARM
		{D2051D54-1B40-4FAD-9830-16F3E38F5528}.Release|ARM.Deploy.0 = Release|ARM
		{D2051D54-1B40-4FAD-9830-16F3E38F5528}.Release|iPhone.ActiveCfg = Release|x86
		{D2051D54-1B40-4FAD-9830-16F3E38F5528}.Release|iPhone.Build.0 = Release|x86
		{D2051D54-1B40-4FAD-9830-16F3E38F5528}.Release|iPhone.Deploy.0 = Release|x86
		{D2051D54-1B40-4FAD-9830-16F3E38F5528}.Release|iPhoneSimulator.ActiveCfg = Release|x86
		{D2051D54-1B40-4FAD-9830-16F3E38F5528}.Release|iPhoneSimulator.Build.0 = Release|x86
		{D2051D54-1B40-4FAD-9830-16F3E38F5528}.Release|iPhoneSimulator.Deploy.0 = Release|x86
		{D2051D54-1B40-4FAD-9830-16F3E38F5528}.Release|x64.ActiveCfg = Release|x64
		{D2051D54-1B40-4FAD-9830-16F3E38F5528}.Release|x64.Build.0 = Release|x64
		{D2051D54-1B40-4FAD-9830-16F3E38F5528}.Release|x64.Deploy.0 = Release|x64
		{D2051D54-1B40-4FAD-9830-16F3E38F5528}.Release|x86.ActiveCfg = Release|x86
		{D2051D54-1B40-4FAD-9830-16F3E38F5528}.Release|x86.Build.0 = Release|x86
		{D2051D54-1B40-4FAD-9830-16F3E38F5528}.Release|x86.Deploy.0 = Release|x86
		{84975D79-D862-4D34-ADAC-062B0521CE86}.Debug|Any CPU.ActiveCfg = Debug|Any CPU
		{84975D79-D862-4D34-ADAC-062B0521CE86}.Debug|Any CPU.Build.0 = Debug|Any CPU
		{84975D79-D862-4D34-ADAC-062B0521CE86}.Debug|Any CPU.Deploy.0 = Debug|Any CPU
		{84975D79-D862-4D34-ADAC-062B0521CE86}.Debug|ARM.ActiveCfg = Debug|Any CPU
		{84975D79-D862-4D34-ADAC-062B0521CE86}.Debug|ARM.Build.0 = Debug|Any CPU
		{84975D79-D862-4D34-ADAC-062B0521CE86}.Debug|ARM.Deploy.0 = Debug|Any CPU
		{84975D79-D862-4D34-ADAC-062B0521CE86}.Debug|iPhone.ActiveCfg = Debug|Any CPU
		{84975D79-D862-4D34-ADAC-062B0521CE86}.Debug|iPhone.Build.0 = Debug|Any CPU
		{84975D79-D862-4D34-ADAC-062B0521CE86}.Debug|iPhone.Deploy.0 = Debug|Any CPU
		{84975D79-D862-4D34-ADAC-062B0521CE86}.Debug|iPhoneSimulator.ActiveCfg = Debug|Any CPU
		{84975D79-D862-4D34-ADAC-062B0521CE86}.Debug|iPhoneSimulator.Build.0 = Debug|Any CPU
		{84975D79-D862-4D34-ADAC-062B0521CE86}.Debug|iPhoneSimulator.Deploy.0 = Debug|Any CPU
		{84975D79-D862-4D34-ADAC-062B0521CE86}.Debug|x64.ActiveCfg = Debug|Any CPU
		{84975D79-D862-4D34-ADAC-062B0521CE86}.Debug|x64.Build.0 = Debug|Any CPU
		{84975D79-D862-4D34-ADAC-062B0521CE86}.Debug|x64.Deploy.0 = Debug|Any CPU
		{84975D79-D862-4D34-ADAC-062B0521CE86}.Debug|x86.ActiveCfg = Debug|Any CPU
		{84975D79-D862-4D34-ADAC-062B0521CE86}.Debug|x86.Build.0 = Debug|Any CPU
		{84975D79-D862-4D34-ADAC-062B0521CE86}.Debug|x86.Deploy.0 = Debug|Any CPU
		{84975D79-D862-4D34-ADAC-062B0521CE86}.Release|Any CPU.ActiveCfg = Release|Any CPU
		{84975D79-D862-4D34-ADAC-062B0521CE86}.Release|Any CPU.Build.0 = Release|Any CPU
		{84975D79-D862-4D34-ADAC-062B0521CE86}.Release|Any CPU.Deploy.0 = Release|Any CPU
		{84975D79-D862-4D34-ADAC-062B0521CE86}.Release|ARM.ActiveCfg = Release|Any CPU
		{84975D79-D862-4D34-ADAC-062B0521CE86}.Release|ARM.Build.0 = Release|Any CPU
		{84975D79-D862-4D34-ADAC-062B0521CE86}.Release|ARM.Deploy.0 = Release|Any CPU
		{84975D79-D862-4D34-ADAC-062B0521CE86}.Release|iPhone.ActiveCfg = Release|Any CPU
		{84975D79-D862-4D34-ADAC-062B0521CE86}.Release|iPhone.Build.0 = Release|Any CPU
		{84975D79-D862-4D34-ADAC-062B0521CE86}.Release|iPhone.Deploy.0 = Release|Any CPU
		{84975D79-D862-4D34-ADAC-062B0521CE86}.Release|iPhoneSimulator.ActiveCfg = Release|Any CPU
		{84975D79-D862-4D34-ADAC-062B0521CE86}.Release|iPhoneSimulator.Build.0 = Release|Any CPU
		{84975D79-D862-4D34-ADAC-062B0521CE86}.Release|iPhoneSimulator.Deploy.0 = Release|Any CPU
		{84975D79-D862-4D34-ADAC-062B0521CE86}.Release|x64.ActiveCfg = Release|Any CPU
		{84975D79-D862-4D34-ADAC-062B0521CE86}.Release|x64.Build.0 = Release|Any CPU
		{84975D79-D862-4D34-ADAC-062B0521CE86}.Release|x64.Deploy.0 = Release|Any CPU
		{84975D79-D862-4D34-ADAC-062B0521CE86}.Release|x86.ActiveCfg = Release|Any CPU
		{84975D79-D862-4D34-ADAC-062B0521CE86}.Release|x86.Build.0 = Release|Any CPU
		{84975D79-D862-4D34-ADAC-062B0521CE86}.Release|x86.Deploy.0 = Release|Any CPU
		{DF23DEF0-6476-4BBC-AD8E-5F0A7F79EDE2}.Debug|Any CPU.ActiveCfg = Debug|iPhone
		{DF23DEF0-6476-4BBC-AD8E-5F0A7F79EDE2}.Debug|Any CPU.Build.0 = Debug|iPhone
		{DF23DEF0-6476-4BBC-AD8E-5F0A7F79EDE2}.Debug|Any CPU.Deploy.0 = Debug|iPhone
		{DF23DEF0-6476-4BBC-AD8E-5F0A7F79EDE2}.Debug|ARM.ActiveCfg = Debug|iPhoneSimulator
		{DF23DEF0-6476-4BBC-AD8E-5F0A7F79EDE2}.Debug|ARM.Build.0 = Debug|iPhoneSimulator
		{DF23DEF0-6476-4BBC-AD8E-5F0A7F79EDE2}.Debug|ARM.Deploy.0 = Debug|iPhoneSimulator
		{DF23DEF0-6476-4BBC-AD8E-5F0A7F79EDE2}.Debug|iPhone.ActiveCfg = Debug|iPhone
		{DF23DEF0-6476-4BBC-AD8E-5F0A7F79EDE2}.Debug|iPhone.Build.0 = Debug|iPhone
		{DF23DEF0-6476-4BBC-AD8E-5F0A7F79EDE2}.Debug|iPhone.Deploy.0 = Debug|iPhone
		{DF23DEF0-6476-4BBC-AD8E-5F0A7F79EDE2}.Debug|iPhoneSimulator.ActiveCfg = Debug|iPhoneSimulator
		{DF23DEF0-6476-4BBC-AD8E-5F0A7F79EDE2}.Debug|iPhoneSimulator.Build.0 = Debug|iPhoneSimulator
		{DF23DEF0-6476-4BBC-AD8E-5F0A7F79EDE2}.Debug|iPhoneSimulator.Deploy.0 = Debug|iPhoneSimulator
		{DF23DEF0-6476-4BBC-AD8E-5F0A7F79EDE2}.Debug|x64.ActiveCfg = Debug|iPhone
		{DF23DEF0-6476-4BBC-AD8E-5F0A7F79EDE2}.Debug|x64.Build.0 = Debug|iPhone
		{DF23DEF0-6476-4BBC-AD8E-5F0A7F79EDE2}.Debug|x64.Deploy.0 = Debug|iPhone
		{DF23DEF0-6476-4BBC-AD8E-5F0A7F79EDE2}.Debug|x86.ActiveCfg = Debug|iPhone
		{DF23DEF0-6476-4BBC-AD8E-5F0A7F79EDE2}.Debug|x86.Build.0 = Debug|iPhone
		{DF23DEF0-6476-4BBC-AD8E-5F0A7F79EDE2}.Debug|x86.Deploy.0 = Debug|iPhone
		{DF23DEF0-6476-4BBC-AD8E-5F0A7F79EDE2}.Release|Any CPU.ActiveCfg = Release|iPhone
		{DF23DEF0-6476-4BBC-AD8E-5F0A7F79EDE2}.Release|Any CPU.Build.0 = Release|iPhone
		{DF23DEF0-6476-4BBC-AD8E-5F0A7F79EDE2}.Release|Any CPU.Deploy.0 = Release|iPhone
		{DF23DEF0-6476-4BBC-AD8E-5F0A7F79EDE2}.Release|ARM.ActiveCfg = Release|iPhone
		{DF23DEF0-6476-4BBC-AD8E-5F0A7F79EDE2}.Release|ARM.Build.0 = Release|iPhone
		{DF23DEF0-6476-4BBC-AD8E-5F0A7F79EDE2}.Release|ARM.Deploy.0 = Release|iPhone
		{DF23DEF0-6476-4BBC-AD8E-5F0A7F79EDE2}.Release|iPhone.ActiveCfg = Release|iPhone
		{DF23DEF0-6476-4BBC-AD8E-5F0A7F79EDE2}.Release|iPhone.Build.0 = Release|iPhone
		{DF23DEF0-6476-4BBC-AD8E-5F0A7F79EDE2}.Release|iPhone.Deploy.0 = Release|iPhone
		{DF23DEF0-6476-4BBC-AD8E-5F0A7F79EDE2}.Release|iPhoneSimulator.ActiveCfg = Release|iPhoneSimulator
		{DF23DEF0-6476-4BBC-AD8E-5F0A7F79EDE2}.Release|iPhoneSimulator.Build.0 = Release|iPhoneSimulator
		{DF23DEF0-6476-4BBC-AD8E-5F0A7F79EDE2}.Release|iPhoneSimulator.Deploy.0 = Release|iPhoneSimulator
		{DF23DEF0-6476-4BBC-AD8E-5F0A7F79EDE2}.Release|x64.ActiveCfg = Release|iPhone
		{DF23DEF0-6476-4BBC-AD8E-5F0A7F79EDE2}.Release|x64.Build.0 = Release|iPhone
		{DF23DEF0-6476-4BBC-AD8E-5F0A7F79EDE2}.Release|x64.Deploy.0 = Release|iPhone
		{DF23DEF0-6476-4BBC-AD8E-5F0A7F79EDE2}.Release|x86.ActiveCfg = Release|iPhone
		{DF23DEF0-6476-4BBC-AD8E-5F0A7F79EDE2}.Release|x86.Build.0 = Release|iPhone
		{DF23DEF0-6476-4BBC-AD8E-5F0A7F79EDE2}.Release|x86.Deploy.0 = Release|iPhone
		{AE667732-E0C3-44DC-865A-2FF828960157}.Debug|Any CPU.ActiveCfg = Debug|Any CPU
		{AE667732-E0C3-44DC-865A-2FF828960157}.Debug|Any CPU.Build.0 = Debug|Any CPU
		{AE667732-E0C3-44DC-865A-2FF828960157}.Debug|Any CPU.Deploy.0 = Debug|Any CPU
		{AE667732-E0C3-44DC-865A-2FF828960157}.Debug|ARM.ActiveCfg = Debug|Any CPU
		{AE667732-E0C3-44DC-865A-2FF828960157}.Debug|ARM.Build.0 = Debug|Any CPU
		{AE667732-E0C3-44DC-865A-2FF828960157}.Debug|ARM.Deploy.0 = Debug|Any CPU
		{AE667732-E0C3-44DC-865A-2FF828960157}.Debug|iPhone.ActiveCfg = Debug|Any CPU
		{AE667732-E0C3-44DC-865A-2FF828960157}.Debug|iPhone.Build.0 = Debug|Any CPU
		{AE667732-E0C3-44DC-865A-2FF828960157}.Debug|iPhone.Deploy.0 = Debug|Any CPU
		{AE667732-E0C3-44DC-865A-2FF828960157}.Debug|iPhoneSimulator.ActiveCfg = Debug|Any CPU
		{AE667732-E0C3-44DC-865A-2FF828960157}.Debug|iPhoneSimulator.Build.0 = Debug|Any CPU
		{AE667732-E0C3-44DC-865A-2FF828960157}.Debug|iPhoneSimulator.Deploy.0 = Debug|Any CPU
		{AE667732-E0C3-44DC-865A-2FF828960157}.Debug|x64.ActiveCfg = Debug|Any CPU
		{AE667732-E0C3-44DC-865A-2FF828960157}.Debug|x64.Build.0 = Debug|Any CPU
		{AE667732-E0C3-44DC-865A-2FF828960157}.Debug|x64.Deploy.0 = Debug|Any CPU
		{AE667732-E0C3-44DC-865A-2FF828960157}.Debug|x86.ActiveCfg = Debug|Any CPU
		{AE667732-E0C3-44DC-865A-2FF828960157}.Debug|x86.Build.0 = Debug|Any CPU
		{AE667732-E0C3-44DC-865A-2FF828960157}.Debug|x86.Deploy.0 = Debug|Any CPU
		{AE667732-E0C3-44DC-865A-2FF828960157}.Release|Any CPU.ActiveCfg = Release|Any CPU
		{AE667732-E0C3-44DC-865A-2FF828960157}.Release|Any CPU.Build.0 = Release|Any CPU
		{AE667732-E0C3-44DC-865A-2FF828960157}.Release|Any CPU.Deploy.0 = Release|Any CPU
		{AE667732-E0C3-44DC-865A-2FF828960157}.Release|ARM.ActiveCfg = Release|Any CPU
		{AE667732-E0C3-44DC-865A-2FF828960157}.Release|ARM.Build.0 = Release|Any CPU
		{AE667732-E0C3-44DC-865A-2FF828960157}.Release|ARM.Deploy.0 = Release|Any CPU
		{AE667732-E0C3-44DC-865A-2FF828960157}.Release|iPhone.ActiveCfg = Release|Any CPU
		{AE667732-E0C3-44DC-865A-2FF828960157}.Release|iPhone.Build.0 = Release|Any CPU
		{AE667732-E0C3-44DC-865A-2FF828960157}.Release|iPhone.Deploy.0 = Release|Any CPU
		{AE667732-E0C3-44DC-865A-2FF828960157}.Release|iPhoneSimulator.ActiveCfg = Release|Any CPU
		{AE667732-E0C3-44DC-865A-2FF828960157}.Release|iPhoneSimulator.Build.0 = Release|Any CPU
		{AE667732-E0C3-44DC-865A-2FF828960157}.Release|iPhoneSimulator.Deploy.0 = Release|Any CPU
		{AE667732-E0C3-44DC-865A-2FF828960157}.Release|x64.ActiveCfg = Release|Any CPU
		{AE667732-E0C3-44DC-865A-2FF828960157}.Release|x64.Build.0 = Release|Any CPU
		{AE667732-E0C3-44DC-865A-2FF828960157}.Release|x64.Deploy.0 = Release|Any CPU
		{AE667732-E0C3-44DC-865A-2FF828960157}.Release|x86.ActiveCfg = Release|Any CPU
		{AE667732-E0C3-44DC-865A-2FF828960157}.Release|x86.Build.0 = Release|Any CPU
		{AE667732-E0C3-44DC-865A-2FF828960157}.Release|x86.Deploy.0 = Release|Any CPU
	EndGlobalSection
	GlobalSection(SolutionProperties) = preSolution
		HideSolutionNode = FALSE
	EndGlobalSection
	GlobalSection(ExtensibilityGlobals) = postSolution
		SolutionGuid = {711293B2-E716-4AA9-A9D0-4067F98CE8A3}
	EndGlobalSection
EndGlobal
